// !$*UTF8*$!
{
	archiveVersion = 1;
	classes = {
	};
	objectVersion = 50;
	objects = {

/* Begin PBXBuildFile section */
		455B3D9806A5876A66D73651 /* Pods_CanvasPrototype.framework in Frameworks */ = {isa = PBXBuildFile; fileRef = 4E10CA44FFFC8B8714047197 /* Pods_CanvasPrototype.framework */; };
		943EFD1A2178E273004CE08E /* WidgetView.swift in Sources */ = {isa = PBXBuildFile; fileRef = 943EFD192178E273004CE08E /* WidgetView.swift */; };
		A4FEB33E2178D53900A0D7B1 /* AppDelegate.swift in Sources */ = {isa = PBXBuildFile; fileRef = A4FEB33D2178D53900A0D7B1 /* AppDelegate.swift */; };
		A4FEB3402178D53900A0D7B1 /* CanvasViewController.swift in Sources */ = {isa = PBXBuildFile; fileRef = A4FEB33F2178D53900A0D7B1 /* CanvasViewController.swift */; };
		A4FEB3432178D53900A0D7B1 /* Main.storyboard in Resources */ = {isa = PBXBuildFile; fileRef = A4FEB3412178D53900A0D7B1 /* Main.storyboard */; };
		A4FEB3452178D53A00A0D7B1 /* Assets.xcassets in Resources */ = {isa = PBXBuildFile; fileRef = A4FEB3442178D53A00A0D7B1 /* Assets.xcassets */; };
		A4FEB3482178D53A00A0D7B1 /* LaunchScreen.storyboard in Resources */ = {isa = PBXBuildFile; fileRef = A4FEB3462178D53A00A0D7B1 /* LaunchScreen.storyboard */; };
		A4FEB3502178DC1500A0D7B1 /* CanvasView.swift in Sources */ = {isa = PBXBuildFile; fileRef = A4FEB34F2178DC1500A0D7B1 /* CanvasView.swift */; };
		A4FEB3522178DCF700A0D7B1 /* CanvasViewController.xib in Resources */ = {isa = PBXBuildFile; fileRef = A4FEB3512178DCF700A0D7B1 /* CanvasViewController.xib */; };
		A4FEB3552178DFAC00A0D7B1 /* UIColor+Canvas.swift in Sources */ = {isa = PBXBuildFile; fileRef = A4FEB3542178DFAC00A0D7B1 /* UIColor+Canvas.swift */; };
		A4FEB3572178E80F00A0D7B1 /* GoogleService-Info.plist in Resources */ = {isa = PBXBuildFile; fileRef = A4FEB3562178E80F00A0D7B1 /* GoogleService-Info.plist */; };
/* End PBXBuildFile section */

/* Begin PBXFileReference section */
		1544444CFA999E10E67C1A8C /* Pods-CanvasPrototype.debug.xcconfig */ = {isa = PBXFileReference; includeInIndex = 1; lastKnownFileType = text.xcconfig; name = "Pods-CanvasPrototype.debug.xcconfig"; path = "Pods/Target Support Files/Pods-CanvasPrototype/Pods-CanvasPrototype.debug.xcconfig"; sourceTree = "<group>"; };
		4E10CA44FFFC8B8714047197 /* Pods_CanvasPrototype.framework */ = {isa = PBXFileReference; explicitFileType = wrapper.framework; includeInIndex = 0; path = Pods_CanvasPrototype.framework; sourceTree = BUILT_PRODUCTS_DIR; };
		943EFD192178E273004CE08E /* WidgetView.swift */ = {isa = PBXFileReference; lastKnownFileType = sourcecode.swift; path = WidgetView.swift; sourceTree = "<group>"; };
		A4FEB33A2178D53900A0D7B1 /* CanvasPrototype.app */ = {isa = PBXFileReference; explicitFileType = wrapper.application; includeInIndex = 0; path = CanvasPrototype.app; sourceTree = BUILT_PRODUCTS_DIR; };
		A4FEB33D2178D53900A0D7B1 /* AppDelegate.swift */ = {isa = PBXFileReference; lastKnownFileType = sourcecode.swift; path = AppDelegate.swift; sourceTree = "<group>"; };
		A4FEB33F2178D53900A0D7B1 /* CanvasViewController.swift */ = {isa = PBXFileReference; lastKnownFileType = sourcecode.swift; path = CanvasViewController.swift; sourceTree = "<group>"; };
		A4FEB3422178D53900A0D7B1 /* Base */ = {isa = PBXFileReference; lastKnownFileType = file.storyboard; name = Base; path = Base.lproj/Main.storyboard; sourceTree = "<group>"; };
		A4FEB3442178D53A00A0D7B1 /* Assets.xcassets */ = {isa = PBXFileReference; lastKnownFileType = folder.assetcatalog; path = Assets.xcassets; sourceTree = "<group>"; };
		A4FEB3472178D53A00A0D7B1 /* Base */ = {isa = PBXFileReference; lastKnownFileType = file.storyboard; name = Base; path = Base.lproj/LaunchScreen.storyboard; sourceTree = "<group>"; };
		A4FEB3492178D53A00A0D7B1 /* Info.plist */ = {isa = PBXFileReference; lastKnownFileType = text.plist.xml; path = Info.plist; sourceTree = "<group>"; };
		A4FEB34F2178DC1500A0D7B1 /* CanvasView.swift */ = {isa = PBXFileReference; lastKnownFileType = sourcecode.swift; path = CanvasView.swift; sourceTree = "<group>"; };
		A4FEB3512178DCF700A0D7B1 /* CanvasViewController.xib */ = {isa = PBXFileReference; lastKnownFileType = file.xib; path = CanvasViewController.xib; sourceTree = "<group>"; };
		A4FEB3542178DFAC00A0D7B1 /* UIColor+Canvas.swift */ = {isa = PBXFileReference; lastKnownFileType = sourcecode.swift; path = "UIColor+Canvas.swift"; sourceTree = "<group>"; };
		A4FEB3562178E80F00A0D7B1 /* GoogleService-Info.plist */ = {isa = PBXFileReference; fileEncoding = 4; lastKnownFileType = text.plist.xml; path = "GoogleService-Info.plist"; sourceTree = "<group>"; };
		CA3C2A9171E35DE9B677493D /* Pods-CanvasPrototype.release.xcconfig */ = {isa = PBXFileReference; includeInIndex = 1; lastKnownFileType = text.xcconfig; name = "Pods-CanvasPrototype.release.xcconfig"; path = "Pods/Target Support Files/Pods-CanvasPrototype/Pods-CanvasPrototype.release.xcconfig"; sourceTree = "<group>"; };
/* End PBXFileReference section */

/* Begin PBXFrameworksBuildPhase section */
		A4FEB3372178D53900A0D7B1 /* Frameworks */ = {
			isa = PBXFrameworksBuildPhase;
			buildActionMask = 2147483647;
			files = (
				455B3D9806A5876A66D73651 /* Pods_CanvasPrototype.framework in Frameworks */,
			);
			runOnlyForDeploymentPostprocessing = 0;
		};
/* End PBXFrameworksBuildPhase section */

/* Begin PBXGroup section */
		2A48D8C8B776E6705B1C9BAF /* Frameworks */ = {
			isa = PBXGroup;
			children = (
				4E10CA44FFFC8B8714047197 /* Pods_CanvasPrototype.framework */,
			);
			name = Frameworks;
			sourceTree = "<group>";
		};
		517E555E50C056A021407B1E /* Pods */ = {
			isa = PBXGroup;
			children = (
				1544444CFA999E10E67C1A8C /* Pods-CanvasPrototype.debug.xcconfig */,
				CA3C2A9171E35DE9B677493D /* Pods-CanvasPrototype.release.xcconfig */,
			);
			name = Pods;
			sourceTree = "<group>";
		};
		A4FEB3312178D53900A0D7B1 = {
			isa = PBXGroup;
			children = (
				A4FEB33C2178D53900A0D7B1 /* CanvasPrototype */,
				A4FEB33B2178D53900A0D7B1 /* Products */,
				517E555E50C056A021407B1E /* Pods */,
				2A48D8C8B776E6705B1C9BAF /* Frameworks */,
			);
			sourceTree = "<group>";
		};
		A4FEB33B2178D53900A0D7B1 /* Products */ = {
			isa = PBXGroup;
			children = (
				A4FEB33A2178D53900A0D7B1 /* CanvasPrototype.app */,
			);
			name = Products;
			sourceTree = "<group>";
		};
		A4FEB33C2178D53900A0D7B1 /* CanvasPrototype */ = {
			isa = PBXGroup;
			children = (
				A4FEB33D2178D53900A0D7B1 /* AppDelegate.swift */,
				A4FEB33F2178D53900A0D7B1 /* CanvasViewController.swift */,
				A4FEB3512178DCF700A0D7B1 /* CanvasViewController.xib */,
				A4FEB34F2178DC1500A0D7B1 /* CanvasView.swift */,
				A4FEB3542178DFAC00A0D7B1 /* UIColor+Canvas.swift */,
				A4FEB3412178D53900A0D7B1 /* Main.storyboard */,
				943EFD192178E273004CE08E /* WidgetView.swift */,
				A4FEB3442178D53A00A0D7B1 /* Assets.xcassets */,
				A4FEB3462178D53A00A0D7B1 /* LaunchScreen.storyboard */,
				A4FEB3562178E80F00A0D7B1 /* GoogleService-Info.plist */,
				A4FEB3492178D53A00A0D7B1 /* Info.plist */,
			);
			path = CanvasPrototype;
			sourceTree = "<group>";
		};
/* End PBXGroup section */

/* Begin PBXNativeTarget section */
		A4FEB3392178D53900A0D7B1 /* CanvasPrototype */ = {
			isa = PBXNativeTarget;
			buildConfigurationList = A4FEB34C2178D53A00A0D7B1 /* Build configuration list for PBXNativeTarget "CanvasPrototype" */;
			buildPhases = (
				E5F0E910F9B2FD6F8FA8C3AA /* [CP] Check Pods Manifest.lock */,
				A4FEB3362178D53900A0D7B1 /* Sources */,
				A4FEB3372178D53900A0D7B1 /* Frameworks */,
				A4FEB3382178D53900A0D7B1 /* Resources */,
				24A39AF4E3360F278D981999 /* [CP] Embed Pods Frameworks */,
			);
			buildRules = (
			);
			dependencies = (
			);
			name = CanvasPrototype;
			productName = CanvasPrototype;
			productReference = A4FEB33A2178D53900A0D7B1 /* CanvasPrototype.app */;
			productType = "com.apple.product-type.application";
		};
/* End PBXNativeTarget section */

/* Begin PBXProject section */
		A4FEB3322178D53900A0D7B1 /* Project object */ = {
			isa = PBXProject;
			attributes = {
				LastSwiftUpdateCheck = 1000;
				LastUpgradeCheck = 1000;
				ORGANIZATIONNAME = Highrise;
				TargetAttributes = {
					A4FEB3392178D53900A0D7B1 = {
						CreatedOnToolsVersion = 10.0;
					};
				};
			};
			buildConfigurationList = A4FEB3352178D53900A0D7B1 /* Build configuration list for PBXProject "CanvasPrototype" */;
			compatibilityVersion = "Xcode 9.3";
			developmentRegion = en;
			hasScannedForEncodings = 0;
			knownRegions = (
				en,
				Base,
			);
			mainGroup = A4FEB3312178D53900A0D7B1;
			productRefGroup = A4FEB33B2178D53900A0D7B1 /* Products */;
			projectDirPath = "";
			projectRoot = "";
			targets = (
				A4FEB3392178D53900A0D7B1 /* CanvasPrototype */,
			);
		};
/* End PBXProject section */

/* Begin PBXResourcesBuildPhase section */
		A4FEB3382178D53900A0D7B1 /* Resources */ = {
			isa = PBXResourcesBuildPhase;
			buildActionMask = 2147483647;
			files = (
				A4FEB3522178DCF700A0D7B1 /* CanvasViewController.xib in Resources */,
				A4FEB3482178D53A00A0D7B1 /* LaunchScreen.storyboard in Resources */,
				A4FEB3572178E80F00A0D7B1 /* GoogleService-Info.plist in Resources */,
				A4FEB3452178D53A00A0D7B1 /* Assets.xcassets in Resources */,
				A4FEB3432178D53900A0D7B1 /* Main.storyboard in Resources */,
			);
			runOnlyForDeploymentPostprocessing = 0;
		};
/* End PBXResourcesBuildPhase section */

/* Begin PBXShellScriptBuildPhase section */
		24A39AF4E3360F278D981999 /* [CP] Embed Pods Frameworks */ = {
			isa = PBXShellScriptBuildPhase;
			buildActionMask = 2147483647;
			files = (
			);
			inputFileListPaths = (
			);
			inputPaths = (
				"${SRCROOT}/Pods/Target Support Files/Pods-CanvasPrototype/Pods-CanvasPrototype-frameworks.sh",
				"${BUILT_PRODUCTS_DIR}/GoogleUtilities/GoogleUtilities.framework",
				"${BUILT_PRODUCTS_DIR}/leveldb-library/leveldb.framework",
				"${BUILT_PRODUCTS_DIR}/nanopb/nanopb.framework",
			);
			name = "[CP] Embed Pods Frameworks";
			outputFileListPaths = (
			);
			outputPaths = (
				"${TARGET_BUILD_DIR}/${FRAMEWORKS_FOLDER_PATH}/GoogleUtilities.framework",
				"${TARGET_BUILD_DIR}/${FRAMEWORKS_FOLDER_PATH}/leveldb.framework",
				"${TARGET_BUILD_DIR}/${FRAMEWORKS_FOLDER_PATH}/nanopb.framework",
			);
			runOnlyForDeploymentPostprocessing = 0;
			shellPath = /bin/sh;
			shellScript = "\"${SRCROOT}/Pods/Target Support Files/Pods-CanvasPrototype/Pods-CanvasPrototype-frameworks.sh\"\n";
			showEnvVarsInLog = 0;
		};
		E5F0E910F9B2FD6F8FA8C3AA /* [CP] Check Pods Manifest.lock */ = {
			isa = PBXShellScriptBuildPhase;
			buildActionMask = 2147483647;
			files = (
			);
			inputFileListPaths = (
			);
			inputPaths = (
				"${PODS_PODFILE_DIR_PATH}/Podfile.lock",
				"${PODS_ROOT}/Manifest.lock",
			);
			name = "[CP] Check Pods Manifest.lock";
			outputFileListPaths = (
			);
			outputPaths = (
				"$(DERIVED_FILE_DIR)/Pods-CanvasPrototype-checkManifestLockResult.txt",
			);
			runOnlyForDeploymentPostprocessing = 0;
			shellPath = /bin/sh;
			shellScript = "diff \"${PODS_PODFILE_DIR_PATH}/Podfile.lock\" \"${PODS_ROOT}/Manifest.lock\" > /dev/null\nif [ $? != 0 ] ; then\n    # print error to STDERR\n    echo \"error: The sandbox is not in sync with the Podfile.lock. Run 'pod install' or update your CocoaPods installation.\" >&2\n    exit 1\nfi\n# This output is used by Xcode 'outputs' to avoid re-running this script phase.\necho \"SUCCESS\" > \"${SCRIPT_OUTPUT_FILE_0}\"\n";
			showEnvVarsInLog = 0;
		};
/* End PBXShellScriptBuildPhase section */

/* Begin PBXSourcesBuildPhase section */
		A4FEB3362178D53900A0D7B1 /* Sources */ = {
			isa = PBXSourcesBuildPhase;
			buildActionMask = 2147483647;
			files = (
				A4FEB3402178D53900A0D7B1 /* CanvasViewController.swift in Sources */,
				A4FEB33E2178D53900A0D7B1 /* AppDelegate.swift in Sources */,
				A4FEB3502178DC1500A0D7B1 /* CanvasView.swift in Sources */,
				A4FEB3552178DFAC00A0D7B1 /* UIColor+Canvas.swift in Sources */,
				943EFD1A2178E273004CE08E /* WidgetView.swift in Sources */,
			);
			runOnlyForDeploymentPostprocessing = 0;
		};
/* End PBXSourcesBuildPhase section */

/* Begin PBXVariantGroup section */
		A4FEB3412178D53900A0D7B1 /* Main.storyboard */ = {
			isa = PBXVariantGroup;
			children = (
				A4FEB3422178D53900A0D7B1 /* Base */,
			);
			name = Main.storyboard;
			sourceTree = "<group>";
		};
		A4FEB3462178D53A00A0D7B1 /* LaunchScreen.storyboard */ = {
			isa = PBXVariantGroup;
			children = (
				A4FEB3472178D53A00A0D7B1 /* Base */,
			);
			name = LaunchScreen.storyboard;
			sourceTree = "<group>";
		};
/* End PBXVariantGroup section */

/* Begin XCBuildConfiguration section */
		A4FEB34A2178D53A00A0D7B1 /* Debug */ = {
			isa = XCBuildConfiguration;
			buildSettings = {
				ALWAYS_SEARCH_USER_PATHS = NO;
				CLANG_ANALYZER_NONNULL = YES;
				CLANG_ANALYZER_NUMBER_OBJECT_CONVERSION = YES_AGGRESSIVE;
				CLANG_CXX_LANGUAGE_STANDARD = "gnu++14";
				CLANG_CXX_LIBRARY = "libc++";
				CLANG_ENABLE_MODULES = YES;
				CLANG_ENABLE_OBJC_ARC = YES;
				CLANG_ENABLE_OBJC_WEAK = YES;
				CLANG_WARN_BLOCK_CAPTURE_AUTORELEASING = YES;
				CLANG_WARN_BOOL_CONVERSION = YES;
				CLANG_WARN_COMMA = YES;
				CLANG_WARN_CONSTANT_CONVERSION = YES;
				CLANG_WARN_DEPRECATED_OBJC_IMPLEMENTATIONS = YES;
				CLANG_WARN_DIRECT_OBJC_ISA_USAGE = YES_ERROR;
				CLANG_WARN_DOCUMENTATION_COMMENTS = YES;
				CLANG_WARN_EMPTY_BODY = YES;
				CLANG_WARN_ENUM_CONVERSION = YES;
				CLANG_WARN_INFINITE_RECURSION = YES;
				CLANG_WARN_INT_CONVERSION = YES;
				CLANG_WARN_NON_LITERAL_NULL_CONVERSION = YES;
				CLANG_WARN_OBJC_IMPLICIT_RETAIN_SELF = YES;
				CLANG_WARN_OBJC_LITERAL_CONVERSION = YES;
				CLANG_WARN_OBJC_ROOT_CLASS = YES_ERROR;
				CLANG_WARN_RANGE_LOOP_ANALYSIS = YES;
				CLANG_WARN_STRICT_PROTOTYPES = YES;
				CLANG_WARN_SUSPICIOUS_MOVE = YES;
				CLANG_WARN_UNGUARDED_AVAILABILITY = YES_AGGRESSIVE;
				CLANG_WARN_UNREACHABLE_CODE = YES;
				CLANG_WARN__DUPLICATE_METHOD_MATCH = YES;
				CODE_SIGN_IDENTITY = "iPhone Developer";
				COPY_PHASE_STRIP = NO;
				DEBUG_INFORMATION_FORMAT = dwarf;
				ENABLE_STRICT_OBJC_MSGSEND = YES;
				ENABLE_TESTABILITY = YES;
				GCC_C_LANGUAGE_STANDARD = gnu11;
				GCC_DYNAMIC_NO_PIC = NO;
				GCC_NO_COMMON_BLOCKS = YES;
				GCC_OPTIMIZATION_LEVEL = 0;
				GCC_PREPROCESSOR_DEFINITIONS = (
					"DEBUG=1",
					"$(inherited)",
				);
				GCC_WARN_64_TO_32_BIT_CONVERSION = YES;
				GCC_WARN_ABOUT_RETURN_TYPE = YES_ERROR;
				GCC_WARN_UNDECLARED_SELECTOR = YES;
				GCC_WARN_UNINITIALIZED_AUTOS = YES_AGGRESSIVE;
				GCC_WARN_UNUSED_FUNCTION = YES;
				GCC_WARN_UNUSED_VARIABLE = YES;
				IPHONEOS_DEPLOYMENT_TARGET = 12.0;
				MTL_ENABLE_DEBUG_INFO = INCLUDE_SOURCE;
				MTL_FAST_MATH = YES;
				ONLY_ACTIVE_ARCH = YES;
				SDKROOT = iphoneos;
				SWIFT_ACTIVE_COMPILATION_CONDITIONS = DEBUG;
				SWIFT_OPTIMIZATION_LEVEL = "-Onone";
			};
			name = Debug;
		};
		A4FEB34B2178D53A00A0D7B1 /* Release */ = {
			isa = XCBuildConfiguration;
			buildSettings = {
				ALWAYS_SEARCH_USER_PATHS = NO;
				CLANG_ANALYZER_NONNULL = YES;
				CLANG_ANALYZER_NUMBER_OBJECT_CONVERSION = YES_AGGRESSIVE;
				CLANG_CXX_LANGUAGE_STANDARD = "gnu++14";
				CLANG_CXX_LIBRARY = "libc++";
				CLANG_ENABLE_MODULES = YES;
				CLANG_ENABLE_OBJC_ARC = YES;
				CLANG_ENABLE_OBJC_WEAK = YES;
				CLANG_WARN_BLOCK_CAPTURE_AUTORELEASING = YES;
				CLANG_WARN_BOOL_CONVERSION = YES;
				CLANG_WARN_COMMA = YES;
				CLANG_WARN_CONSTANT_CONVERSION = YES;
				CLANG_WARN_DEPRECATED_OBJC_IMPLEMENTATIONS = YES;
				CLANG_WARN_DIRECT_OBJC_ISA_USAGE = YES_ERROR;
				CLANG_WARN_DOCUMENTATION_COMMENTS = YES;
				CLANG_WARN_EMPTY_BODY = YES;
				CLANG_WARN_ENUM_CONVERSION = YES;
				CLANG_WARN_INFINITE_RECURSION = YES;
				CLANG_WARN_INT_CONVERSION = YES;
				CLANG_WARN_NON_LITERAL_NULL_CONVERSION = YES;
				CLANG_WARN_OBJC_IMPLICIT_RETAIN_SELF = YES;
				CLANG_WARN_OBJC_LITERAL_CONVERSION = YES;
				CLANG_WARN_OBJC_ROOT_CLASS = YES_ERROR;
				CLANG_WARN_RANGE_LOOP_ANALYSIS = YES;
				CLANG_WARN_STRICT_PROTOTYPES = YES;
				CLANG_WARN_SUSPICIOUS_MOVE = YES;
				CLANG_WARN_UNGUARDED_AVAILABILITY = YES_AGGRESSIVE;
				CLANG_WARN_UNREACHABLE_CODE = YES;
				CLANG_WARN__DUPLICATE_METHOD_MATCH = YES;
				CODE_SIGN_IDENTITY = "iPhone Developer";
				COPY_PHASE_STRIP = NO;
				DEBUG_INFORMATION_FORMAT = "dwarf-with-dsym";
				ENABLE_NS_ASSERTIONS = NO;
				ENABLE_STRICT_OBJC_MSGSEND = YES;
				GCC_C_LANGUAGE_STANDARD = gnu11;
				GCC_NO_COMMON_BLOCKS = YES;
				GCC_WARN_64_TO_32_BIT_CONVERSION = YES;
				GCC_WARN_ABOUT_RETURN_TYPE = YES_ERROR;
				GCC_WARN_UNDECLARED_SELECTOR = YES;
				GCC_WARN_UNINITIALIZED_AUTOS = YES_AGGRESSIVE;
				GCC_WARN_UNUSED_FUNCTION = YES;
				GCC_WARN_UNUSED_VARIABLE = YES;
				IPHONEOS_DEPLOYMENT_TARGET = 12.0;
				MTL_ENABLE_DEBUG_INFO = NO;
				MTL_FAST_MATH = YES;
				SDKROOT = iphoneos;
				SWIFT_COMPILATION_MODE = wholemodule;
				SWIFT_OPTIMIZATION_LEVEL = "-O";
				VALIDATE_PRODUCT = YES;
			};
			name = Release;
		};
		A4FEB34D2178D53A00A0D7B1 /* Debug */ = {
			isa = XCBuildConfiguration;
			baseConfigurationReference = 1544444CFA999E10E67C1A8C /* Pods-CanvasPrototype.debug.xcconfig */;
			buildSettings = {
				ASSETCATALOG_COMPILER_APPICON_NAME = AppIcon;
				CODE_SIGN_STYLE = Automatic;
				DEVELOPMENT_TEAM = CGCPWJKLT2;
				INFOPLIST_FILE = CanvasPrototype/Info.plist;
				LD_RUNPATH_SEARCH_PATHS = (
					"$(inherited)",
					"@executable_path/Frameworks",
				);
				PRODUCT_BUNDLE_IDENTIFIER = rs.high.CanvasPrototype;
				PRODUCT_NAME = "$(TARGET_NAME)";
				SWIFT_VERSION = 4.2;
				TARGETED_DEVICE_FAMILY = 1;
			};
			name = Debug;
		};
		A4FEB34E2178D53A00A0D7B1 /* Release */ = {
			isa = XCBuildConfiguration;
			baseConfigurationReference = CA3C2A9171E35DE9B677493D /* Pods-CanvasPrototype.release.xcconfig */;
			buildSettings = {
				ASSETCATALOG_COMPILER_APPICON_NAME = AppIcon;
				CODE_SIGN_STYLE = Automatic;
				DEVELOPMENT_TEAM = CGCPWJKLT2;
				INFOPLIST_FILE = CanvasPrototype/Info.plist;
				LD_RUNPATH_SEARCH_PATHS = (
					"$(inherited)",
					"@executable_path/Frameworks",
				);
				PRODUCT_BUNDLE_IDENTIFIER = rs.high.CanvasPrototype;
				PRODUCT_NAME = "$(TARGET_NAME)";
				SWIFT_VERSION = 4.2;
				TARGETED_DEVICE_FAMILY = 1;
			};
			name = Release;
		};
/* End XCBuildConfiguration section */

/* Begin XCConfigurationList section */
		A4FEB3352178D53900A0D7B1 /* Build configuration list for PBXProject "CanvasPrototype" */ = {
			isa = XCConfigurationList;
			buildConfigurations = (
				A4FEB34A2178D53A00A0D7B1 /* Debug */,
				A4FEB34B2178D53A00A0D7B1 /* Release */,
			);
			defaultConfigurationIsVisible = 0;
			defaultConfigurationName = Release;
		};
		A4FEB34C2178D53A00A0D7B1 /* Build configuration list for PBXNativeTarget "CanvasPrototype" */ = {
			isa = XCConfigurationList;
			buildConfigurations = (
				A4FEB34D2178D53A00A0D7B1 /* Debug */,
				A4FEB34E2178D53A00A0D7B1 /* Release */,
			);
			defaultConfigurationIsVisible = 0;
			defaultConfigurationName = Release;
		};
/* End XCConfigurationList section */
	};
	rootObject = A4FEB3322178D53900A0D7B1 /* Project object */;
}
